{
  "name": "nest-web",
  "version": "1.0.0",
  "lockfileVersion": 3,
  "requires": true,
  "packages": {
    "": {
      "name": "nest-web",
      "version": "1.0.0",
      "license": "ISC",
      "dependencies": {
        "nest-web": "file:"
      }
    },
    "node_modules/nest-web": {
      "resolved": "",
      "link": true
    }
  }
}
